
Microsoft Visual Studio Solution File, Format Version 11.00
# Visual Studio 2010
Project("{FAE04EC0-301F-11D3-BF4B-00C04F79EFBC}") = "Shopdrawing.Resources.Images", "Shopdrawing.Resources.Images\Shopdrawing.Resources.Images.csproj", "{7686349c-cd89-4f19-803e-f5e730caa8a1}"
EndProject
Global
	GlobalSection(SolutionConfigurationPlatforms) = preSolution
		Debug|Any CPU = Debug|Any CPU
		Release|Any CPU = Release|Any CPU
	EndGlobalSection
	GlobalSection(ProjectConfigurationPlatforms) = postSolution
		{7686349C-CD89-4F19-803E-F5E730CAA8A1}.Debug|Any CPU.ActiveCfg = Debug|Any CPU
		{7686349C-CD89-4F19-803E-F5E730CAA8A1}.Debug|Any CPU.Build.0 = Debug|Any CPU
		{7686349C-CD89-4F19-803E-F5E730CAA8A1}.Release|Any CPU.ActiveCfg = Release|Any CPU
		{7686349C-CD89-4F19-803E-F5E730CAA8A1}.Release|Any CPU.Build.0 = Release|Any CPU
	EndGlobalSection
EndGlobal
